# This is a Gradle generated file for dependency locking.
# Manual edits can break the build and are not advised.
# This file is expected to be part of source control.
antlr:antlr:2.7.7=compileClasspath,productionRuntimeClasspath,runtimeClasspath,testCompileClasspath,testRuntimeClasspath
com.beust:jcommander:1.82=testCompileClasspath,testRuntimeClasspath
com.fasterxml.jackson.core:jackson-annotations:2.13.0=compileClasspath,productionRuntimeClasspath,runtimeClasspath,testCompileClasspath,testRuntimeClasspath
com.fasterxml.jackson.core:jackson-core:2.13.0=compileClasspath,productionRuntimeClasspath,runtimeClasspath,testCompileClasspath,testRuntimeClasspath
com.fasterxml.jackson.core:jackson-databind:2.13.0=compileClasspath,productionRuntimeClasspath,runtimeClasspath,testCompileClasspath,testRuntimeClasspath
com.fasterxml.jackson.dataformat:jackson-dataformat-xml:2.13.5=compileClasspath,productionRuntimeClasspath,runtimeClasspath,testCompileClasspath,testRuntimeClasspath
com.fasterxml.jackson.dataformat:jackson-dataformat-yaml:2.13.5=compileClasspath,productionRuntimeClasspath,runtimeClasspath,testCompileClasspath,testRuntimeClasspath
com.fasterxml.jackson.datatype:jackson-datatype-jdk8:2.13.0=compileClasspath,productionRuntimeClasspath,runtimeClasspath,testCompileClasspath,testRuntimeClasspath
com.fasterxml.jackson.datatype:jackson-datatype-jsr310:2.13.0=compileClasspath,productionRuntimeClasspath,runtimeClasspath,testCompileClasspath,testRuntimeClasspath
com.fasterxml.jackson.module:jackson-module-parameter-names:2.13.0=compileClasspath,productionRuntimeClasspath,runtimeClasspath,testCompileClasspath,testRuntimeClasspath
com.fasterxml.jackson:jackson-bom:2.13.5=compileClasspath,productionRuntimeClasspath,runtimeClasspath,testCompileClasspath,testRuntimeClasspath
com.fasterxml.woodstox:woodstox-core:6.4.0=compileClasspath,productionRuntimeClasspath,runtimeClasspath,testCompileClasspath,testRuntimeClasspath
com.fasterxml:classmate:1.5.1=compileClasspath,productionRuntimeClasspath,runtimeClasspath,testCompileClasspath,testRuntimeClasspath
com.github.cliftonlabs:json-simple:2.3.1=compileClasspath,productionRuntimeClasspath,runtimeClasspath,testCompileClasspath,testRuntimeClasspath
com.google.auto.service:auto-service-annotations:1.1.1=testCompileClasspath,testRuntimeClasspath
com.google.auto.service:auto-service:1.0.1=testCompileClasspath,testRuntimeClasspath
com.google.auto:auto-common:1.2=testCompileClasspath,testRuntimeClasspath
com.google.code.findbugs:jsr305:3.0.2=compileClasspath,productionRuntimeClasspath,runtimeClasspath,testCompileClasspath,testRuntimeClasspath
com.google.errorprone:error_prone_annotations:2.5.1=compileClasspath,productionRuntimeClasspath,runtimeClasspath,testCompileClasspath,testRuntimeClasspath
com.google.guava:failureaccess:1.0.1=compileClasspath,productionRuntimeClasspath,runtimeClasspath,testCompileClasspath,testRuntimeClasspath
com.google.guava:guava:30.1.1-jre=compileClasspath,productionRuntimeClasspath,runtimeClasspath,testCompileClasspath,testRuntimeClasspath
com.google.guava:listenablefuture:9999.0-empty-to-avoid-conflict-with-guava=compileClasspath,productionRuntimeClasspath,runtimeClasspath,testCompileClasspath,testRuntimeClasspath
com.google.j2objc:j2objc-annotations:1.3=compileClasspath,productionRuntimeClasspath,runtimeClasspath,testCompileClasspath,testRuntimeClasspath
com.h2database:h2:1.4.197=compileClasspath,productionRuntimeClasspath,runtimeClasspath,testCompileClasspath,testRuntimeClasspath
com.itextpdf:barcodes:7.2.5=compileClasspath,productionRuntimeClasspath,runtimeClasspath,testCompileClasspath,testRuntimeClasspath
com.itextpdf:commons:7.2.5=compileClasspath,productionRuntimeClasspath,runtimeClasspath,testCompileClasspath,testRuntimeClasspath
com.itextpdf:font-asian:7.2.5=compileClasspath,productionRuntimeClasspath,runtimeClasspath,testCompileClasspath,testRuntimeClasspath
com.itextpdf:forms:7.2.5=compileClasspath,productionRuntimeClasspath,runtimeClasspath,testCompileClasspath,testRuntimeClasspath
com.itextpdf:hyph:7.2.5=compileClasspath,productionRuntimeClasspath,runtimeClasspath,testCompileClasspath,testRuntimeClasspath
com.itextpdf:io:7.2.5=compileClasspath,productionRuntimeClasspath,runtimeClasspath,testCompileClasspath,testRuntimeClasspath
com.itextpdf:itext7-core:7.2.5=compileClasspath,productionRuntimeClasspath,runtimeClasspath,testCompileClasspath,testRuntimeClasspath
com.itextpdf:kernel:7.2.5=compileClasspath,productionRuntimeClasspath,runtimeClasspath,testCompileClasspath,testRuntimeClasspath
com.itextpdf:layout:7.2.5=compileClasspath,productionRuntimeClasspath,runtimeClasspath,testCompileClasspath,testRuntimeClasspath
com.itextpdf:pdfa:7.2.5=compileClasspath,productionRuntimeClasspath,runtimeClasspath,testCompileClasspath,testRuntimeClasspath
com.itextpdf:sign:7.2.5=compileClasspath,productionRuntimeClasspath,runtimeClasspath,testCompileClasspath,testRuntimeClasspath
com.itextpdf:styled-xml-parser:7.2.5=compileClasspath,productionRuntimeClasspath,runtimeClasspath,testCompileClasspath,testRuntimeClasspath
com.itextpdf:svg:7.2.5=compileClasspath,productionRuntimeClasspath,runtimeClasspath,testCompileClasspath,testRuntimeClasspath
com.jayway.jsonpath:json-path:2.7.0=testCompileClasspath,testRuntimeClasspath
com.sun.activation:jakarta.activation:1.2.2=compileClasspath,productionRuntimeClasspath,runtimeClasspath,testCompileClasspath,testRuntimeClasspath
com.sun.istack:istack-commons-runtime:3.0.12=compileClasspath,productionRuntimeClasspath,runtimeClasspath,testCompileClasspath,testRuntimeClasspath
com.sun.mail:jakarta.mail:1.6.7=compileClasspath,productionRuntimeClasspath,runtimeClasspath,testCompileClasspath,testRuntimeClasspath
com.sun.mail:javax.mail:1.5.2=compileClasspath,productionRuntimeClasspath,runtimeClasspath,testCompileClasspath,testRuntimeClasspath
com.twilio.sdk:twilio:10.2.0=compileClasspath,productionRuntimeClasspath,runtimeClasspath,testCompileClasspath,testRuntimeClasspath
com.typesafe.netty:netty-reactive-streams:2.0.4=testCompileClasspath,testRuntimeClasspath
com.zaxxer:HikariCP:4.0.3=compileClasspath,productionRuntimeClasspath,runtimeClasspath,testCompileClasspath,testRuntimeClasspath
commons-codec:commons-codec:1.15=compileClasspath,productionRuntimeClasspath,runtimeClasspath,testCompileClasspath,testRuntimeClasspath
commons-io:commons-io:2.7=compileClasspath,productionRuntimeClasspath,runtimeClasspath,testCompileClasspath,testRuntimeClasspath
dev.failsafe:failsafe:3.2.3=testCompileClasspath,testRuntimeClasspath
io.jsonwebtoken:jjwt-api:0.11.2=compileClasspath,productionRuntimeClasspath,runtimeClasspath,testCompileClasspath,testRuntimeClasspath
io.jsonwebtoken:jjwt-impl:0.11.2=productionRuntimeClasspath,runtimeClasspath,testRuntimeClasspath
io.jsonwebtoken:jjwt-jackson:0.11.2=compileClasspath,productionRuntimeClasspath,runtimeClasspath,testCompileClasspath,testRuntimeClasspath
io.jsonwebtoken:jjwt:0.9.1=compileClasspath,productionRuntimeClasspath,runtimeClasspath,testCompileClasspath,testRuntimeClasspath
io.micrometer:micrometer-core:1.9.16=compileClasspath,productionRuntimeClasspath,runtimeClasspath,testCompileClasspath,testRuntimeClasspath
io.netty:netty-buffer:4.1.100.Final=testCompileClasspath,testRuntimeClasspath
io.netty:netty-codec-http:4.1.100.Final=testCompileClasspath,testRuntimeClasspath
io.netty:netty-codec-socks:4.1.100.Final=testCompileClasspath,testRuntimeClasspath
io.netty:netty-codec:4.1.100.Final=testCompileClasspath,testRuntimeClasspath
io.netty:netty-common:4.1.100.Final=testCompileClasspath,testRuntimeClasspath
io.netty:netty-handler-proxy:4.1.100.Final=testCompileClasspath,testRuntimeClasspath
io.netty:netty-handler:4.1.100.Final=testCompileClasspath,testRuntimeClasspath
io.netty:netty-resolver:4.1.100.Final=testCompileClasspath,testRuntimeClasspath
io.netty:netty-transport-classes-epoll:4.1.100.Final=testCompileClasspath,testRuntimeClasspath
io.netty:netty-transport-classes-kqueue:4.1.100.Final=testCompileClasspath,testRuntimeClasspath
io.netty:netty-transport-native-epoll:4.1.100.Final=testCompileClasspath,testRuntimeClasspath
io.netty:netty-transport-native-kqueue:4.1.100.Final=testCompileClasspath,testRuntimeClasspath
io.netty:netty-transport-native-unix-common:4.1.100.Final=testCompileClasspath,testRuntimeClasspath
io.netty:netty-transport:4.1.100.Final=testCompileClasspath,testRuntimeClasspath
io.opentelemetry:opentelemetry-api:1.13.0=testCompileClasspath,testRuntimeClasspath
io.opentelemetry:opentelemetry-context:1.13.0=testCompileClasspath,testRuntimeClasspath
io.opentelemetry:opentelemetry-exporter-logging:1.13.0=testCompileClasspath,testRuntimeClasspath
io.opentelemetry:opentelemetry-sdk-common:1.13.0=testCompileClasspath,testRuntimeClasspath
io.opentelemetry:opentelemetry-sdk-extension-autoconfigure-spi:1.13.0=testCompileClasspath,testRuntimeClasspath
io.opentelemetry:opentelemetry-sdk-extension-autoconfigure:1.13.0-alpha=testCompileClasspath,testRuntimeClasspath
io.opentelemetry:opentelemetry-sdk-logs:1.13.0-alpha=testCompileClasspath,testRuntimeClasspath
io.opentelemetry:opentelemetry-sdk-metrics:1.13.0-alpha=testCompileClasspath,testRuntimeClasspath
io.opentelemetry:opentelemetry-sdk-trace:1.13.0=testCompileClasspath,testRuntimeClasspath
io.opentelemetry:opentelemetry-sdk:1.13.0=testCompileClasspath,testRuntimeClasspath
io.opentelemetry:opentelemetry-semconv:1.13.0-alpha=testCompileClasspath,testRuntimeClasspath
io.ous:jtoml:2.0.0=testCompileClasspath,testRuntimeClasspath
io.swagger.core.v3:swagger-annotations:2.2.9=compileClasspath,productionRuntimeClasspath,runtimeClasspath,testCompileClasspath,testRuntimeClasspath
io.swagger.core.v3:swagger-core:2.2.9=compileClasspath,productionRuntimeClasspath,runtimeClasspath,testCompileClasspath,testRuntimeClasspath
io.swagger.core.v3:swagger-models:2.2.9=compileClasspath,productionRuntimeClasspath,runtimeClasspath,testCompileClasspath,testRuntimeClasspath
jakarta.activation:jakarta.activation-api:1.2.2=testCompileClasspath,testRuntimeClasspath
jakarta.annotation:jakarta.annotation-api:1.3.5=compileClasspath,productionRuntimeClasspath,runtimeClasspath,testCompileClasspath,testRuntimeClasspath
jakarta.persistence:jakarta.persistence-api:2.2.3=compileClasspath,productionRuntimeClasspath,runtimeClasspath,testCompileClasspath,testRuntimeClasspath
jakarta.transaction:jakarta.transaction-api:1.3.3=compileClasspath,productionRuntimeClasspath,runtimeClasspath,testCompileClasspath,testRuntimeClasspath
jakarta.validation:jakarta.validation-api:2.0.2=compileClasspath,productionRuntimeClasspath,runtimeClasspath,testCompileClasspath,testRuntimeClasspath
jakarta.xml.bind:jakarta.xml.bind-api:2.3.3=compileClasspath,productionRuntimeClasspath,runtimeClasspath,testCompileClasspath,testRuntimeClasspath
javax.activation:activation:1.1.1=compileClasspath,productionRuntimeClasspath,runtimeClasspath,testCompileClasspath,testRuntimeClasspath
junit:junit:4.12=testCompileClasspath,testRuntimeClasspath
net.bytebuddy:byte-buddy-agent:1.12.23=testCompileClasspath,testRuntimeClasspath
net.bytebuddy:byte-buddy:1.12.23=compileClasspath,productionRuntimeClasspath,runtimeClasspath,testCompileClasspath,testRuntimeClasspath
net.minidev:accessors-smart:2.4.11=testCompileClasspath,testRuntimeClasspath
net.minidev:json-smart:2.4.11=testCompileClasspath,testRuntimeClasspath
nz.net.ultraq.groovy:groovy-extensions:2.1.0=productionRuntimeClasspath,runtimeClasspath,testRuntimeClasspath
nz.net.ultraq.thymeleaf:thymeleaf-expression-processor:3.1.1=productionRuntimeClasspath,runtimeClasspath,testRuntimeClasspath
nz.net.ultraq.thymeleaf:thymeleaf-layout-dialect:3.2.1=compileClasspath,productionRuntimeClasspath,runtimeClasspath,testCompileClasspath,testRuntimeClasspath
ognl:ognl:3.1.26=compileClasspath,productionRuntimeClasspath,runtimeClasspath,testCompileClasspath,testRuntimeClasspath
org.apache.commons:commons-email:1.4=compileClasspath,productionRuntimeClasspath,runtimeClasspath,testCompileClasspath,testRuntimeClasspath
org.apache.commons:commons-exec:1.3=testCompileClasspath,testRuntimeClasspath
org.apache.commons:commons-lang3:3.12.0=compileClasspath,productionRuntimeClasspath,runtimeClasspath,testCompileClasspath,testRuntimeClasspath
org.apache.groovy:groovy-bom:4.0.10=compileClasspath,productionRuntimeClasspath,runtimeClasspath,testCompileClasspath,testRuntimeClasspath
org.apache.groovy:groovy:4.0.10=compileClasspath,productionRuntimeClasspath,runtimeClasspath,testCompileClasspath,testRuntimeClasspath
org.apache.httpcomponents:httpclient:4.5.12=compileClasspath,productionRuntimeClasspath,runtimeClasspath,testCompileClasspath,testRuntimeClasspath
org.apache.httpcomponents:httpcore:4.4.16=compileClasspath,productionRuntimeClasspath,runtimeClasspath,testCompileClasspath,testRuntimeClasspath
org.apache.logging.log4j:log4j-api:2.17.2=compileClasspath,productionRuntimeClasspath,runtimeClasspath,testCompileClasspath,testRuntimeClasspath
org.apache.logging.log4j:log4j-core:2.17.2=compileClasspath,productionRuntimeClasspath,runtimeClasspath,testCompileClasspath,testRuntimeClasspath
org.apache.logging.log4j:log4j-jul:2.17.2=compileClasspath,productionRuntimeClasspath,runtimeClasspath,testCompileClasspath,testRuntimeClasspath
org.apache.logging.log4j:log4j-slf4j-impl:2.17.2=compileClasspath,productionRuntimeClasspath,runtimeClasspath,testCompileClasspath,testRuntimeClasspath
org.apache.maven.wagon:wagon-http-shared:3.4.1=compileClasspath,productionRuntimeClasspath,runtimeClasspath,testCompileClasspath,testRuntimeClasspath
org.apache.maven.wagon:wagon-http:3.4.1=compileClasspath,productionRuntimeClasspath,runtimeClasspath,testCompileClasspath,testRuntimeClasspath
org.apache.maven.wagon:wagon-provider-api:3.4.1=compileClasspath,productionRuntimeClasspath,runtimeClasspath,testCompileClasspath,testRuntimeClasspath
org.apache.tika:tika-core:1.18=compileClasspath,productionRuntimeClasspath,runtimeClasspath,testCompileClasspath,testRuntimeClasspath
org.apache.tomcat.embed:tomcat-embed-core:9.0.82=compileClasspath,productionRuntimeClasspath,runtimeClasspath,testCompileClasspath,testRuntimeClasspath
org.apache.tomcat.embed:tomcat-embed-el:9.0.82=compileClasspath,productionRuntimeClasspath,runtimeClasspath,testCompileClasspath,testRuntimeClasspath
org.apache.tomcat.embed:tomcat-embed-websocket:9.0.82=compileClasspath,productionRuntimeClasspath,runtimeClasspath,testCompileClasspath,testRuntimeClasspath
org.apiguardian:apiguardian-api:1.1.0=testRuntimeClasspath
org.apiguardian:apiguardian-api:1.1.2=testCompileClasspath
org.aspectj:aspectjweaver:1.9.7=compileClasspath,productionRuntimeClasspath,runtimeClasspath,testCompileClasspath,testRuntimeClasspath
org.assertj:assertj-core:3.22.0=testCompileClasspath,testRuntimeClasspath
org.asynchttpclient:async-http-client-netty-utils:2.12.3=testCompileClasspath,testRuntimeClasspath
org.asynchttpclient:async-http-client:2.12.3=testCompileClasspath,testRuntimeClasspath
org.attoparser:attoparser:2.0.5.RELEASE=compileClasspath,productionRuntimeClasspath,runtimeClasspath,testCompileClasspath,testRuntimeClasspath
org.bouncycastle:bcpkix-jdk15on:1.70=compileClasspath,productionRuntimeClasspath,runtimeClasspath,testCompileClasspath,testRuntimeClasspath
org.bouncycastle:bcprov-jdk15on:1.70=compileClasspath,productionRuntimeClasspath,runtimeClasspath,testCompileClasspath,testRuntimeClasspath
org.bouncycastle:bcutil-jdk15on:1.70=compileClasspath,productionRuntimeClasspath,runtimeClasspath,testCompileClasspath,testRuntimeClasspath
org.checkerframework:checker-qual:3.8.0=compileClasspath,productionRuntimeClasspath,runtimeClasspath,testCompileClasspath,testRuntimeClasspath
org.codehaus.plexus:plexus-utils:3.3.0=compileClasspath,productionRuntimeClasspath,runtimeClasspath,testCompileClasspath,testRuntimeClasspath
org.codehaus.woodstox:stax2-api:4.2.1=compileClasspath,productionRuntimeClasspath,runtimeClasspath,testCompileClasspath,testRuntimeClasspath
org.glassfish.jaxb:jaxb-runtime:2.3.8=compileClasspath,productionRuntimeClasspath,runtimeClasspath,testCompileClasspath,testRuntimeClasspath
org.glassfish.jaxb:txw2:2.3.8=compileClasspath,productionRuntimeClasspath,runtimeClasspath,testCompileClasspath,testRuntimeClasspath
org.hamcrest:hamcrest-core:2.2=testCompileClasspath,testRuntimeClasspath
org.hamcrest:hamcrest:2.2=testCompileClasspath,testRuntimeClasspath
org.hdrhistogram:HdrHistogram:2.1.12=compileClasspath,productionRuntimeClasspath,runtimeClasspath,testCompileClasspath,testRuntimeClasspath
org.hibernate.common:hibernate-commons-annotations:5.1.2.Final=compileClasspath,productionRuntimeClasspath,runtimeClasspath,testCompileClasspath,testRuntimeClasspath
org.hibernate.validator:hibernate-validator:6.1.0.Final=compileClasspath,productionRuntimeClasspath,runtimeClasspath,testCompileClasspath,testRuntimeClasspath
org.hibernate:hibernate-core:5.6.15.Final=compileClasspath,productionRuntimeClasspath,runtimeClasspath,testCompileClasspath,testRuntimeClasspath
org.javassist:javassist:3.20.0-GA=compileClasspath,productionRuntimeClasspath,runtimeClasspath,testCompileClasspath,testRuntimeClasspath
org.jboss.logging:jboss-logging:3.4.3.Final=compileClasspath,productionRuntimeClasspath,runtimeClasspath,testCompileClasspath,testRuntimeClasspath
org.jboss:jandex:2.4.2.Final=compileClasspath,productionRuntimeClasspath,runtimeClasspath,testCompileClasspath,testRuntimeClasspath
org.json:json:20201115=compileClasspath,productionRuntimeClasspath,runtimeClasspath,testCompileClasspath,testRuntimeClasspath
org.jsoup:jsoup:1.12.1=compileClasspath,productionRuntimeClasspath,runtimeClasspath,testCompileClasspath,testRuntimeClasspath
org.junit.jupiter:junit-jupiter-api:5.7.0=testCompileClasspath,testRuntimeClasspath
org.junit.jupiter:junit-jupiter-engine:5.7.0=testCompileClasspath,testRuntimeClasspath
org.junit.jupiter:junit-jupiter-params:5.7.0=testCompileClasspath,testRuntimeClasspath
org.junit.jupiter:junit-jupiter:5.7.0=testCompileClasspath,testRuntimeClasspath
org.junit.platform:junit-platform-commons:1.7.1=testRuntimeClasspath
org.junit.platform:junit-platform-commons:1.8.2=testCompileClasspath
org.junit.platform:junit-platform-engine:1.7.1=testCompileClasspath,testRuntimeClasspath
org.junit.vintage:junit-vintage-engine:5.7.0=testRuntimeClasspath
org.junit:junit-bom:5.7.1=testRuntimeClasspath
org.junit:junit-bom:5.8.2=testCompileClasspath
org.latencyutils:LatencyUtils:2.0.3=productionRuntimeClasspath,runtimeClasspath,testRuntimeClasspath
org.mockito:mockito-bom:4.11.0=compileClasspath,productionRuntimeClasspath,runtimeClasspath,testCompileClasspath,testRuntimeClasspath
org.mockito:mockito-core:4.5.1=testCompileClasspath,testRuntimeClasspath
org.mockito:mockito-junit-jupiter:4.5.1=testCompileClasspath,testRuntimeClasspath
org.objenesis:objenesis:3.2=testRuntimeClasspath
org.opentest4j:opentest4j:1.2.0=testCompileClasspath,testRuntimeClasspath
org.ow2.asm:asm:9.3=testCompileClasspath,testRuntimeClasspath
org.passay:passay:1.5.0=compileClasspath,productionRuntimeClasspath,runtimeClasspath,testCompileClasspath,testRuntimeClasspath
org.reactivestreams:reactive-streams:1.0.4=testCompileClasspath,testRuntimeClasspath
org.seleniumhq.selenium:selenium-api:4.1.4=testCompileClasspath,testRuntimeClasspath
org.seleniumhq.selenium:selenium-chrome-driver:4.1.4=testCompileClasspath,testRuntimeClasspath
org.seleniumhq.selenium:selenium-chromium-driver:4.1.4=testCompileClasspath,testRuntimeClasspath
org.seleniumhq.selenium:selenium-devtools-v123:4.21.0=testCompileClasspath,testRuntimeClasspath
org.seleniumhq.selenium:selenium-devtools-v124:4.21.0=testCompileClasspath,testRuntimeClasspath
org.seleniumhq.selenium:selenium-devtools-v125:4.21.0=testCompileClasspath,testRuntimeClasspath
org.seleniumhq.selenium:selenium-devtools-v85:4.1.4=testCompileClasspath,testRuntimeClasspath
org.seleniumhq.selenium:selenium-edge-driver:4.1.4=testCompileClasspath,testRuntimeClasspath
org.seleniumhq.selenium:selenium-firefox-driver:4.1.4=testCompileClasspath,testRuntimeClasspath
org.seleniumhq.selenium:selenium-http:4.1.4=testCompileClasspath,testRuntimeClasspath
org.seleniumhq.selenium:selenium-ie-driver:4.1.4=testCompileClasspath,testRuntimeClasspath
org.seleniumhq.selenium:selenium-java:4.21.0=testCompileClasspath,testRuntimeClasspath
org.seleniumhq.selenium:selenium-json:4.1.4=testCompileClasspath,testRuntimeClasspath
org.seleniumhq.selenium:selenium-remote-driver:4.1.4=testCompileClasspath,testRuntimeClasspath
org.seleniumhq.selenium:selenium-safari-driver:4.1.4=testCompileClasspath,testRuntimeClasspath
org.seleniumhq.selenium:selenium-support:4.1.4=testCompileClasspath,testRuntimeClasspath
org.skyscreamer:jsonassert:1.5.1=testCompileClasspath,testRuntimeClasspath
org.slf4j:jcl-over-slf4j:1.7.36=productionRuntimeClasspath,runtimeClasspath,testRuntimeClasspath
org.slf4j:jul-to-slf4j:1.7.36=compileClasspath,productionRuntimeClasspath,runtimeClasspath,testCompileClasspath,testRuntimeClasspath
org.slf4j:slf4j-api:1.7.36=compileClasspath,productionRuntimeClasspath,runtimeClasspath,testCompileClasspath,testRuntimeClasspath
org.springdoc:springdoc-openapi-common:1.7.0=compileClasspath,productionRuntimeClasspath,runtimeClasspath,testCompileClasspath,testRuntimeClasspath
org.springdoc:springdoc-openapi-security:1.7.0=compileClasspath,productionRuntimeClasspath,runtimeClasspath,testCompileClasspath,testRuntimeClasspath
org.springdoc:springdoc-openapi-ui:1.7.0=compileClasspath,productionRuntimeClasspath,runtimeClasspath,testCompileClasspath,testRuntimeClasspath
org.springdoc:springdoc-openapi-webmvc-core:1.7.0=compileClasspath,productionRuntimeClasspath,runtimeClasspath,testCompileClasspath,testRuntimeClasspath
org.springframework.boot:spring-boot-actuator-autoconfigure:2.7.17=compileClasspath,productionRuntimeClasspath,runtimeClasspath,testCompileClasspath,testRuntimeClasspath
org.springframework.boot:spring-boot-actuator:2.7.17=compileClasspath,productionRuntimeClasspath,runtimeClasspath,testCompileClasspath,testRuntimeClasspath
org.springframework.boot:spring-boot-autoconfigure:2.7.17=compileClasspath,productionRuntimeClasspath,runtimeClasspath,testCompileClasspath,testRuntimeClasspath
org.springframework.boot:spring-boot-devtools:2.7.17=compileClasspath,productionRuntimeClasspath,runtimeClasspath,testCompileClasspath,testRuntimeClasspath
org.springframework.boot:spring-boot-starter-actuator:2.7.17=compileClasspath,productionRuntimeClasspath,runtimeClasspath,testCompileClasspath,testRuntimeClasspath
org.springframework.boot:spring-boot-starter-aop:2.7.17=compileClasspath,productionRuntimeClasspath,runtimeClasspath,testCompileClasspath,testRuntimeClasspath
org.springframework.boot:spring-boot-starter-data-jpa:2.7.17=compileClasspath,productionRuntimeClasspath,runtimeClasspath,testCompileClasspath,testRuntimeClasspath
org.springframework.boot:spring-boot-starter-jdbc:2.7.17=compileClasspath,productionRuntimeClasspath,runtimeClasspath,testCompileClasspath,testRuntimeClasspath
org.springframework.boot:spring-boot-starter-json:2.7.17=compileClasspath,productionRuntimeClasspath,runtimeClasspath,testCompileClasspath,testRuntimeClasspath
org.springframework.boot:spring-boot-starter-log4j2:2.4.13=compileClasspath,productionRuntimeClasspath,runtimeClasspath,testCompileClasspath,testRuntimeClasspath
org.springframework.boot:spring-boot-starter-mail:2.7.17=compileClasspath,productionRuntimeClasspath,runtimeClasspath,testCompileClasspath,testRuntimeClasspath
org.springframework.boot:spring-boot-starter-security:2.7.17=compileClasspath,productionRuntimeClasspath,runtimeClasspath,testCompileClasspath,testRuntimeClasspath
org.springframework.boot:spring-boot-starter-test:2.7.17=testCompileClasspath,testRuntimeClasspath
org.springframework.boot:spring-boot-starter-thymeleaf:2.7.17=compileClasspath,productionRuntimeClasspath,runtimeClasspath,testCompileClasspath,testRuntimeClasspath
org.springframework.boot:spring-boot-starter-tomcat:2.7.17=compileClasspath,productionRuntimeClasspath,runtimeClasspath,testCompileClasspath,testRuntimeClasspath
org.springframework.boot:spring-boot-starter-web:2.7.17=compileClasspath,productionRuntimeClasspath,runtimeClasspath,testCompileClasspath,testRuntimeClasspath
org.springframework.boot:spring-boot-starter:2.7.17=compileClasspath,productionRuntimeClasspath,runtimeClasspath,testCompileClasspath,testRuntimeClasspath
org.springframework.boot:spring-boot-test-autoconfigure:2.7.17=testCompileClasspath,testRuntimeClasspath
org.springframework.boot:spring-boot-test:2.7.17=testCompileClasspath,testRuntimeClasspath
org.springframework.boot:spring-boot:2.7.17=compileClasspath,productionRuntimeClasspath,runtimeClasspath,testCompileClasspath,testRuntimeClasspath
org.springframework.data:spring-data-commons:2.7.17=compileClasspath,productionRuntimeClasspath,runtimeClasspath,testCompileClasspath,testRuntimeClasspath
org.springframework.data:spring-data-jpa:2.7.17=compileClasspath,productionRuntimeClasspath,runtimeClasspath,testCompileClasspath,testRuntimeClasspath
org.springframework.security:spring-security-config:5.7.11=compileClasspath,productionRuntimeClasspath,runtimeClasspath,testCompileClasspath,testRuntimeClasspath
org.springframework.security:spring-security-core:5.7.11=compileClasspath,productionRuntimeClasspath,runtimeClasspath,testCompileClasspath,testRuntimeClasspath
org.springframework.security:spring-security-crypto:5.7.11=compileClasspath,productionRuntimeClasspath,runtimeClasspath,testCompileClasspath,testRuntimeClasspath
org.springframework.security:spring-security-web:5.7.11=compileClasspath,productionRuntimeClasspath,runtimeClasspath,testCompileClasspath,testRuntimeClasspath
org.springframework:spring-aop:5.3.30=compileClasspath,productionRuntimeClasspath,runtimeClasspath,testCompileClasspath,testRuntimeClasspath
org.springframework:spring-aspects:5.3.30=compileClasspath,productionRuntimeClasspath,runtimeClasspath,testCompileClasspath,testRuntimeClasspath
org.springframework:spring-beans:5.3.30=compileClasspath,productionRuntimeClasspath,runtimeClasspath,testCompileClasspath,testRuntimeClasspath
org.springframework:spring-context-support:5.3.30=compileClasspath,productionRuntimeClasspath,runtimeClasspath,testCompileClasspath,testRuntimeClasspath
org.springframework:spring-context:5.3.30=compileClasspath,productionRuntimeClasspath,runtimeClasspath,testCompileClasspath,testRuntimeClasspath
org.springframework:spring-core:5.3.30=compileClasspath,productionRuntimeClasspath,runtimeClasspath,testCompileClasspath,testRuntimeClasspath
org.springframework:spring-expression:5.3.30=compileClasspath,productionRuntimeClasspath,runtimeClasspath,testCompileClasspath,testRuntimeClasspath
org.springframework:spring-jcl:5.3.30=compileClasspath,productionRuntimeClasspath,runtimeClasspath,testCompileClasspath,testRuntimeClasspath
org.springframework:spring-jdbc:5.3.30=compileClasspath,productionRuntimeClasspath,runtimeClasspath,testCompileClasspath,testRuntimeClasspath
org.springframework:spring-orm:5.3.30=compileClasspath,productionRuntimeClasspath,runtimeClasspath,testCompileClasspath,testRuntimeClasspath
org.springframework:spring-test:5.3.30=testCompileClasspath,testRuntimeClasspath
org.springframework:spring-tx:5.3.30=compileClasspath,productionRuntimeClasspath,runtimeClasspath,testCompileClasspath,testRuntimeClasspath
org.springframework:spring-web:5.3.30=compileClasspath,productionRuntimeClasspath,runtimeClasspath,testCompileClasspath,testRuntimeClasspath
org.springframework:spring-webmvc:5.3.30=compileClasspath,productionRuntimeClasspath,runtimeClasspath,testCompileClasspath,testRuntimeClasspath
org.thymeleaf.extras:thymeleaf-extras-java8time:3.0.4.RELEASE=compileClasspath,productionRuntimeClasspath,runtimeClasspath,testCompileClasspath,testRuntimeClasspath
org.thymeleaf.extras:thymeleaf-extras-springsecurity5:3.0.4.RELEASE=compileClasspath,productionRuntimeClasspath,runtimeClasspath,testCompileClasspath,testRuntimeClasspath
org.thymeleaf:thymeleaf-spring5:3.0.15.RELEASE=compileClasspath,productionRuntimeClasspath,runtimeClasspath,testCompileClasspath,testRuntimeClasspath
org.thymeleaf:thymeleaf:3.0.15.RELEASE=compileClasspath,productionRuntimeClasspath,runtimeClasspath,testCompileClasspath,testRuntimeClasspath
org.unbescape:unbescape:1.1.6.RELEASE=compileClasspath,productionRuntimeClasspath,runtimeClasspath,testCompileClasspath,testRuntimeClasspath
org.webjars.npm:axios:0.21.1=compileClasspath,productionRuntimeClasspath,runtimeClasspath,testCompileClasspath,testRuntimeClasspath
org.webjars.npm:follow-redirects:1.15.6=compileClasspath,productionRuntimeClasspath,runtimeClasspath,testCompileClasspath,testRuntimeClasspath
org.webjars:bootstrap:4.5.3=compileClasspath,productionRuntimeClasspath,runtimeClasspath,testCompileClasspath,testRuntimeClasspath
org.webjars:chartjs:2.9.4=compileClasspath,productionRuntimeClasspath,runtimeClasspath,testCompileClasspath,testRuntimeClasspath
org.webjars:font-awesome:5.15.2=compileClasspath,productionRuntimeClasspath,runtimeClasspath,testCompileClasspath,testRuntimeClasspath
org.webjars:jquery:3.5.1=compileClasspath,productionRuntimeClasspath,runtimeClasspath,testCompileClasspath,testRuntimeClasspath
org.webjars:popper.js:1.16.0=compileClasspath,productionRuntimeClasspath,runtimeClasspath,testCompileClasspath,testRuntimeClasspath
org.webjars:swagger-ui:4.18.2=compileClasspath,productionRuntimeClasspath,runtimeClasspath,testCompileClasspath,testRuntimeClasspath
org.xmlunit:xmlunit-core:2.9.1=testCompileClasspath,testRuntimeClasspath
org.yaml:snakeyaml:1.30=compileClasspath,productionRuntimeClasspath,runtimeClasspath,testCompileClasspath,testRuntimeClasspath
empty=annotationProcessor,developmentOnly,testAnnotationProcessor
